
Microsoft Visual Studio Solution File, Format Version 12.00
# Visual Studio 15
Project("{FAE04EC0-301F-11D3-BF4B-00C04F79EFBC}") = "Assembly-CSharp", "Assembly-CSharp.csproj", "{AA3806E7-4AF7-E5E6-9309-DB1B2FEDE7D2}"
EndProject
Project("{FAE04EC0-301F-11D3-BF4B-00C04F79EFBC}") = "GoogleMobileAds.Editor", "GoogleMobileAds.Editor.csproj", "{2DD652B1-E451-9FA4-2AB3-771AC32181F2}"
EndProject
Global
	GlobalSection(SolutionConfigurationPlatforms) = preSolution
		Debug|Any CPU = Debug|Any CPU
		Release|Any CPU = Release|Any CPU
	EndGlobalSection
	GlobalSection(ProjectConfigurationPlatforms) = postSolution
		{AA3806E7-4AF7-E5E6-9309-DB1B2FEDE7D2}.Debug|Any CPU.ActiveCfg = Debug|Any CPU
		{AA3806E7-4AF7-E5E6-9309-DB1B2FEDE7D2}.Debug|Any CPU.Build.0 = Debug|Any CPU
		{AA3806E7-4AF7-E5E6-9309-DB1B2FEDE7D2}.Release|Any CPU.ActiveCfg = Release|Any CPU
		{AA3806E7-4AF7-E5E6-9309-DB1B2FEDE7D2}.Release|Any CPU.Build.0 = Release|Any CPU
		{2DD652B1-E451-9FA4-2AB3-771AC32181F2}.Debug|Any CPU.ActiveCfg = Debug|Any CPU
		{2DD652B1-E451-9FA4-2AB3-771AC32181F2}.Debug|Any CPU.Build.0 = Debug|Any CPU
		{2DD652B1-E451-9FA4-2AB3-771AC32181F2}.Release|Any CPU.ActiveCfg = Release|Any CPU
		{2DD652B1-E451-9FA4-2AB3-771AC32181F2}.Release|Any CPU.Build.0 = Release|Any CPU
	EndGlobalSection
	GlobalSection(SolutionProperties) = preSolution
		HideSolutionNode = FALSE
	EndGlobalSection
EndGlobal
